Microsoft Visual Studio Solution File, Format Version 12.00
# Visual Studio Version 17
VisualStudioVersion = 17.5.2.0
MinimumVisualStudioVersion = 10.0.40219.1
Project("{FAE04EC0-301F-11D3-BF4B-00C04F79EFBC}") = "Avanade.XrmToolbox.DataModelDevOpsExtractor", "DataModelDevOpsExtractor\Avanade.XrmToolbox.DataModelDevOpsExtractor.csproj", "{AAF3C055-966B-AB6E-9756-30A7A3AFC864}"
EndProject
Global
	GlobalSection(SolutionConfigurationPlatforms) = preSolution
		Debug|Any CPU = Debug|Any CPU
		Release|Any CPU = Release|Any CPU
	EndGlobalSection
	GlobalSection(ProjectConfigurationPlatforms) = postSolution
		{AAF3C055-966B-AB6E-9756-30A7A3AFC864}.Debug|Any CPU.ActiveCfg = Debug|Any CPU
		{AAF3C055-966B-AB6E-9756-30A7A3AFC864}.Debug|Any CPU.Build.0 = Debug|Any CPU
		{AAF3C055-966B-AB6E-9756-30A7A3AFC864}.Release|Any CPU.ActiveCfg = Release|Any CPU
		{AAF3C055-966B-AB6E-9756-30A7A3AFC864}.Release|Any CPU.Build.0 = Release|Any CPU
	EndGlobalSection
	GlobalSection(SolutionProperties) = preSolution
		HideSolutionNode = FALSE
	EndGlobalSection
	GlobalSection(ExtensibilityGlobals) = postSolution
		SolutionGuid = {2A5C9912-ECE9-4D8F-87B4-C44A3CF817B1}
	EndGlobalSection
EndGlobal
