
Microsoft Visual Studio Solution File, Format Version 12.00
# Visual Studio Version 18
VisualStudioVersion = 18.3.11520.95 d18.3
MinimumVisualStudioVersion = 10.0.40219.1
Project("{FAE04EC0-301F-11D3-BF4B-00C04F79EFBC}") = "DataModelDevOpsExtractor.Tests", "DataModelDevOpsExtractor.Tests.csproj", "{CAAE79AD-E13A-C081-FC81-B2CEDF591771}"
EndProject
Global
	GlobalSection(SolutionConfigurationPlatforms) = preSolution
		Debug|Any CPU = Debug|Any CPU
		Release|Any CPU = Release|Any CPU
	EndGlobalSection
	GlobalSection(ProjectConfigurationPlatforms) = postSolution
		{CAAE79AD-E13A-C081-FC81-B2CEDF591771}.Debug|Any CPU.ActiveCfg = Debug|Any CPU
		{CAAE79AD-E13A-C081-FC81-B2CEDF591771}.Debug|Any CPU.Build.0 = Debug|Any CPU
		{CAAE79AD-E13A-C081-FC81-B2CEDF591771}.Release|Any CPU.ActiveCfg = Release|Any CPU
		{CAAE79AD-E13A-C081-FC81-B2CEDF591771}.Release|Any CPU.Build.0 = Release|Any CPU
	EndGlobalSection
	GlobalSection(SolutionProperties) = preSolution
		HideSolutionNode = FALSE
	EndGlobalSection
	GlobalSection(ExtensibilityGlobals) = postSolution
		SolutionGuid = {A1CEFB75-8044-4070-9972-29F43EDCD2C7}
	EndGlobalSection
EndGlobal
